<?xml version="1.0" encoding="utf-8"?>
<Project ToolsVersion="4.0" xmlns="http://schemas.microsoft.com/developer/msbuild/2003">
  <ItemGroup>
    <Filter Include="Source Files">
      <UniqueIdentifier>{4FC737F1-C7A5-4376-A066-2A32D752A2FF}</UniqueIdentifier>
      <Extensions>cpp;c;cc;cxx;def;odl;idl;hpj;bat;asm;asmx</Extensions>
    </Filter>
    <Filter Include="Header Files">
      <UniqueIdentifier>{93995380-89BD-4b04-88EB-625FBE52EBFB}</UniqueIdentifier>
      <Extensions>h;hh;hpp;hxx;hm;inl;inc;xsd</Extensions>
    </Filter>
    <Filter Include="Resource Files">
      <UniqueIdentifier>{67DA6AB6-F800-4c08-8B7A-83BB121AAD01}</UniqueIdentifier>
      <Extensions>rc;ico;cur;bmp;dlg;rc2;rct;bin;rgs;gif;jpg;jpeg;jpe;resx;tiff;tif;png;wav;mfcribbon-ms</Extensions>
    </Filter>
    <Filter Include="Source Files\DLIS">
      <UniqueIdentifier>{3d95c4de-b407-4691-9702-3ef3e4a7a235}</UniqueIdentifier>
    </Filter>
    <Filter Include="Source Files\Common">
      <UniqueIdentifier>{cf658336-04aa-404c-b87a-7790ae93d146}</UniqueIdentifier>
    </Filter>
    <Filter Include="Header Files\DLIS">
      <UniqueIdentifier>{060b6f9d-1ab0-48b8-b01c-6c0999bed8b3}</UniqueIdentifier>
    </Filter>
    <Filter Include="Header Files\Common">
      <UniqueIdentifier>{1307e102-ca7c-4f5e-b339-5e71a97d57df}</UniqueIdentifier>
    </Filter>
  </ItemGroup>
  <ItemGroup>
    <Text Include="ReadMe.txt" />
  </ItemGroup>
  <ItemGroup>
    <ClCompile Include="DLIS.cpp">
      <Filter>Source Files</Filter>
    </ClCompile>
    <ClCompile Include="DLISParser.cpp">
      <Filter>Source Files\DLIS</Filter>
    </ClCompile>
    <ClCompile Include="FileBin.cpp">
      <Filter>Source Files\Common</Filter>
    </ClCompile>
    <ClCompile Include="DlisAllocator.cpp">
      <Filter>Source Files\DLIS</Filter>
    </ClCompile>
    <ClCompile Include="DlisPrint.cpp">
      <Filter>Source Files\DLIS</Filter>
    </ClCompile>
    <ClCompile Include="DLISFrame.cpp">
      <Filter>Source Files\DLIS</Filter>
    </ClCompile>
  </ItemGroup>
  <ItemGroup>
    <ClInclude Include="DLISParser.h">
      <Filter>Header Files\DLIS</Filter>
    </ClInclude>
    <ClInclude Include="FileBin.h">
      <Filter>Header Files\Common</Filter>
    </ClInclude>
    <ClInclude Include="DlisCommon.h">
      <Filter>Header Files\DLIS</Filter>
    </ClInclude>
    <ClInclude Include="DlisAllocator.h">
      <Filter>Header Files\DLIS</Filter>
    </ClInclude>
    <ClInclude Include="DlisPrint.h">
      <Filter>Header Files\DLIS</Filter>
    </ClInclude>
    <ClInclude Include="DLISFrame.h">
      <Filter>Header Files\DLIS</Filter>
    </ClInclude>
  </ItemGroup>
</Project>